
Microsoft Visual Studio Solution File, Format Version 12.00
# Visual Studio Version 16
VisualStudioVersion = 16.0.30503.244
MinimumVisualStudioVersion = 10.0.40219.1
Project("{FAE04EC0-301F-11D3-BF4B-00C04F79EFBC}") = "Mascotas_Library", "Mascotas_Library\Mascotas_Library.csproj", "{8E0CBBF3-B98F-429F-AFBE-B37F5432C367}"
EndProject
Project("{FAE04EC0-301F-11D3-BF4B-00C04F79EFBC}") = "Mascotast_Test", "Mascotast_Test\Mascotast_Test.csproj", "{6B85D28E-1246-4E47-AB58-1102F2D776E9}"
EndProject
Global
	GlobalSection(SolutionConfigurationPlatforms) = preSolution
		Debug|Any CPU = Debug|Any CPU
		Release|Any CPU = Release|Any CPU
	EndGlobalSection
	GlobalSection(ProjectConfigurationPlatforms) = postSolution
		{8E0CBBF3-B98F-429F-AFBE-B37F5432C367}.Debug|Any CPU.ActiveCfg = Debug|Any CPU
		{8E0CBBF3-B98F-429F-AFBE-B37F5432C367}.Debug|Any CPU.Build.0 = Debug|Any CPU
		{8E0CBBF3-B98F-429F-AFBE-B37F5432C367}.Release|Any CPU.ActiveCfg = Release|Any CPU
		{8E0CBBF3-B98F-429F-AFBE-B37F5432C367}.Release|Any CPU.Build.0 = Release|Any CPU
		{6B85D28E-1246-4E47-AB58-1102F2D776E9}.Debug|Any CPU.ActiveCfg = Debug|Any CPU
		{6B85D28E-1246-4E47-AB58-1102F2D776E9}.Debug|Any CPU.Build.0 = Debug|Any CPU
		{6B85D28E-1246-4E47-AB58-1102F2D776E9}.Release|Any CPU.ActiveCfg = Release|Any CPU
		{6B85D28E-1246-4E47-AB58-1102F2D776E9}.Release|Any CPU.Build.0 = Release|Any CPU
	EndGlobalSection
	GlobalSection(SolutionProperties) = preSolution
		HideSolutionNode = FALSE
	EndGlobalSection
	GlobalSection(ExtensibilityGlobals) = postSolution
		SolutionGuid = {3C2412A8-DB31-4BB2-8A17-3A6BE1E34B16}
	EndGlobalSection
EndGlobal
